
Microsoft Visual Studio Solution File, Format Version 12.00
# Visual Studio Version 17
VisualStudioVersion = 17.5.33414.496
MinimumVisualStudioVersion = 10.0.40219.1
Project("{FAE04EC0-301F-11D3-BF4B-00C04F79EFBC}") = "CoinbaseAdvancedTradeClient", "CoinbaseAdvancedTradeClient\CoinbaseAdvancedTradeClient.csproj", "{5165D8EF-345A-4D92-BFE7-24F28B027D75}"
EndProject
Project("{2150E333-8FDC-42A3-9474-1A3956D46DE8}") = "Tests", "Tests", "{E122F712-CA00-4933-A40D-E43E3A387585}"
EndProject
Project("{FAE04EC0-301F-11D3-BF4B-00C04F79EFBC}") = "CoinbaseAdvancedTradeClient.UnitTests", "CoinbaseAdvancedTradeClient.UnitTests\CoinbaseAdvancedTradeClient.UnitTests.csproj", "{3A134682-90BE-48A3-AF92-B1E9ED8A883F}"
EndProject
Global
	GlobalSection(SolutionConfigurationPlatforms) = preSolution
		Debug|Any CPU = Debug|Any CPU
		Release|Any CPU = Release|Any CPU
	EndGlobalSection
	GlobalSection(ProjectConfigurationPlatforms) = postSolution
		{5165D8EF-345A-4D92-BFE7-24F28B027D75}.Debug|Any CPU.ActiveCfg = Debug|Any CPU
		{5165D8EF-345A-4D92-BFE7-24F28B027D75}.Debug|Any CPU.Build.0 = Debug|Any CPU
		{5165D8EF-345A-4D92-BFE7-24F28B027D75}.Release|Any CPU.ActiveCfg = Release|Any CPU
		{5165D8EF-345A-4D92-BFE7-24F28B027D75}.Release|Any CPU.Build.0 = Release|Any CPU
		{3A134682-90BE-48A3-AF92-B1E9ED8A883F}.Debug|Any CPU.ActiveCfg = Debug|Any CPU
		{3A134682-90BE-48A3-AF92-B1E9ED8A883F}.Debug|Any CPU.Build.0 = Debug|Any CPU
		{3A134682-90BE-48A3-AF92-B1E9ED8A883F}.Release|Any CPU.ActiveCfg = Release|Any CPU
		{3A134682-90BE-48A3-AF92-B1E9ED8A883F}.Release|Any CPU.Build.0 = Release|Any CPU
	EndGlobalSection
	GlobalSection(SolutionProperties) = preSolution
		HideSolutionNode = FALSE
	EndGlobalSection
	GlobalSection(NestedProjects) = preSolution
		{3A134682-90BE-48A3-AF92-B1E9ED8A883F} = {E122F712-CA00-4933-A40D-E43E3A387585}
	EndGlobalSection
	GlobalSection(ExtensibilityGlobals) = postSolution
		SolutionGuid = {81237F06-0F6C-4AAD-B8C2-765018CF2C1B}
	EndGlobalSection
EndGlobal
